
Microsoft Visual Studio Solution File, Format Version 12.00
# Visual Studio 15
VisualStudioVersion = 15.0.28010.2048
MinimumVisualStudioVersion = 10.0.40219.1
Project("{9A19103F-16F7-4668-BE54-9A1E7A4F7556}") = "Aoc2018.Day01", "Aoc2018.Day01\Aoc2018.Day01.csproj", "{96F1484B-41DD-4DC8-8067-5317428866AF}"
EndProject
Project("{9A19103F-16F7-4668-BE54-9A1E7A4F7556}") = "Aoc2018.Day01.Tests", "Aoc2018.Day01.Tests\Aoc2018.Day01.Tests.csproj", "{99E6748E-9898-445E-9AA9-292E97EE2ED6}"
EndProject
Project("{9A19103F-16F7-4668-BE54-9A1E7A4F7556}") = "Aoc2018.Day02", "Aoc2018.Day02\Aoc2018.Day02.csproj", "{0D88C060-3E5D-4D20-A29A-5E99BFB3976F}"
EndProject
Project("{9A19103F-16F7-4668-BE54-9A1E7A4F7556}") = "Aoc2018.Day02.Tests", "Aoc2018.Day02.Tests\Aoc2018.Day02.Tests.csproj", "{F02D7AD1-7A48-46F0-BA52-0F77551FE06A}"
EndProject
Project("{9A19103F-16F7-4668-BE54-9A1E7A4F7556}") = "Aoc2018.Day03", "Aoc2018.Day03\Aoc2018.Day03.csproj", "{37FEE4B4-8B73-4F9B-8D95-EC28DF66D64F}"
EndProject
Project("{9A19103F-16F7-4668-BE54-9A1E7A4F7556}") = "Aoc2018.Day03.Tests", "Aoc2018.Day03.Tests\Aoc2018.Day03.Tests.csproj", "{8491691B-B04C-495F-9E10-102CFB3AF7D5}"
EndProject
Project("{FAE04EC0-301F-11D3-BF4B-00C04F79EFBC}") = "Aoc2018.Day04", "Aoc2018.Day04\Aoc2018.Day04.csproj", "{C2CC9DBC-29A6-419F-ACF4-221C5E18C861}"
EndProject
Project("{FAE04EC0-301F-11D3-BF4B-00C04F79EFBC}") = "Aoc2018.Day04.Tests", "Aoc2018.Day04.Tests\Aoc2018.Day04.Tests.csproj", "{EAD9FCB8-08BE-413C-A0A7-FEB974F7B2B5}"
EndProject
Project("{FAE04EC0-301F-11D3-BF4B-00C04F79EFBC}") = "Aoc2018.Day05", "Aoc2018.Day05\Aoc2018.Day05.csproj", "{77169BED-3D16-48C8-B601-8ABE87B617FC}"
EndProject
Project("{FAE04EC0-301F-11D3-BF4B-00C04F79EFBC}") = "Aoc2018.Day05.Tests", "Aoc2018.Day05.Tests\Aoc2018.Day05.Tests.csproj", "{329A82D3-8848-46B8-95FB-B4E04802A75D}"
EndProject
Global
	GlobalSection(SolutionConfigurationPlatforms) = preSolution
		Debug|Any CPU = Debug|Any CPU
		Release|Any CPU = Release|Any CPU
	EndGlobalSection
	GlobalSection(ProjectConfigurationPlatforms) = postSolution
		{96F1484B-41DD-4DC8-8067-5317428866AF}.Debug|Any CPU.ActiveCfg = Debug|Any CPU
		{96F1484B-41DD-4DC8-8067-5317428866AF}.Debug|Any CPU.Build.0 = Debug|Any CPU
		{96F1484B-41DD-4DC8-8067-5317428866AF}.Release|Any CPU.ActiveCfg = Release|Any CPU
		{96F1484B-41DD-4DC8-8067-5317428866AF}.Release|Any CPU.Build.0 = Release|Any CPU
		{99E6748E-9898-445E-9AA9-292E97EE2ED6}.Debug|Any CPU.ActiveCfg = Debug|Any CPU
		{99E6748E-9898-445E-9AA9-292E97EE2ED6}.Debug|Any CPU.Build.0 = Debug|Any CPU
		{99E6748E-9898-445E-9AA9-292E97EE2ED6}.Release|Any CPU.ActiveCfg = Release|Any CPU
		{99E6748E-9898-445E-9AA9-292E97EE2ED6}.Release|Any CPU.Build.0 = Release|Any CPU
		{0D88C060-3E5D-4D20-A29A-5E99BFB3976F}.Debug|Any CPU.ActiveCfg = Debug|Any CPU
		{0D88C060-3E5D-4D20-A29A-5E99BFB3976F}.Debug|Any CPU.Build.0 = Debug|Any CPU
		{0D88C060-3E5D-4D20-A29A-5E99BFB3976F}.Release|Any CPU.ActiveCfg = Release|Any CPU
		{0D88C060-3E5D-4D20-A29A-5E99BFB3976F}.Release|Any CPU.Build.0 = Release|Any CPU
		{F02D7AD1-7A48-46F0-BA52-0F77551FE06A}.Debug|Any CPU.ActiveCfg = Debug|Any CPU
		{F02D7AD1-7A48-46F0-BA52-0F77551FE06A}.Debug|Any CPU.Build.0 = Debug|Any CPU
		{F02D7AD1-7A48-46F0-BA52-0F77551FE06A}.Release|Any CPU.ActiveCfg = Release|Any CPU
		{F02D7AD1-7A48-46F0-BA52-0F77551FE06A}.Release|Any CPU.Build.0 = Release|Any CPU
		{37FEE4B4-8B73-4F9B-8D95-EC28DF66D64F}.Debug|Any CPU.ActiveCfg = Debug|Any CPU
		{37FEE4B4-8B73-4F9B-8D95-EC28DF66D64F}.Debug|Any CPU.Build.0 = Debug|Any CPU
		{37FEE4B4-8B73-4F9B-8D95-EC28DF66D64F}.Release|Any CPU.ActiveCfg = Release|Any CPU
		{37FEE4B4-8B73-4F9B-8D95-EC28DF66D64F}.Release|Any CPU.Build.0 = Release|Any CPU
		{8491691B-B04C-495F-9E10-102CFB3AF7D5}.Debug|Any CPU.ActiveCfg = Debug|Any CPU
		{8491691B-B04C-495F-9E10-102CFB3AF7D5}.Debug|Any CPU.Build.0 = Debug|Any CPU
		{8491691B-B04C-495F-9E10-102CFB3AF7D5}.Release|Any CPU.ActiveCfg = Release|Any CPU
		{8491691B-B04C-495F-9E10-102CFB3AF7D5}.Release|Any CPU.Build.0 = Release|Any CPU
		{C2CC9DBC-29A6-419F-ACF4-221C5E18C861}.Debug|Any CPU.ActiveCfg = Debug|Any CPU
		{C2CC9DBC-29A6-419F-ACF4-221C5E18C861}.Debug|Any CPU.Build.0 = Debug|Any CPU
		{C2CC9DBC-29A6-419F-ACF4-221C5E18C861}.Release|Any CPU.ActiveCfg = Release|Any CPU
		{C2CC9DBC-29A6-419F-ACF4-221C5E18C861}.Release|Any CPU.Build.0 = Release|Any CPU
		{EAD9FCB8-08BE-413C-A0A7-FEB974F7B2B5}.Debug|Any CPU.ActiveCfg = Debug|Any CPU
		{EAD9FCB8-08BE-413C-A0A7-FEB974F7B2B5}.Debug|Any CPU.Build.0 = Debug|Any CPU
		{EAD9FCB8-08BE-413C-A0A7-FEB974F7B2B5}.Release|Any CPU.ActiveCfg = Release|Any CPU
		{EAD9FCB8-08BE-413C-A0A7-FEB974F7B2B5}.Release|Any CPU.Build.0 = Release|Any CPU
		{77169BED-3D16-48C8-B601-8ABE87B617FC}.Debug|Any CPU.ActiveCfg = Debug|Any CPU
		{77169BED-3D16-48C8-B601-8ABE87B617FC}.Debug|Any CPU.Build.0 = Debug|Any CPU
		{77169BED-3D16-48C8-B601-8ABE87B617FC}.Release|Any CPU.ActiveCfg = Release|Any CPU
		{77169BED-3D16-48C8-B601-8ABE87B617FC}.Release|Any CPU.Build.0 = Release|Any CPU
		{329A82D3-8848-46B8-95FB-B4E04802A75D}.Debug|Any CPU.ActiveCfg = Debug|Any CPU
		{329A82D3-8848-46B8-95FB-B4E04802A75D}.Debug|Any CPU.Build.0 = Debug|Any CPU
		{329A82D3-8848-46B8-95FB-B4E04802A75D}.Release|Any CPU.ActiveCfg = Release|Any CPU
		{329A82D3-8848-46B8-95FB-B4E04802A75D}.Release|Any CPU.Build.0 = Release|Any CPU
	EndGlobalSection
	GlobalSection(SolutionProperties) = preSolution
		HideSolutionNode = FALSE
	EndGlobalSection
	GlobalSection(ExtensibilityGlobals) = postSolution
		SolutionGuid = {3461AB9F-21B2-4950-BCE7-6F42C21B6641}
	EndGlobalSection
EndGlobal
