
Microsoft Visual Studio Solution File, Format Version 12.00
# Visual Studio 15
VisualStudioVersion = 15.0.28010.2048
MinimumVisualStudioVersion = 10.0.40219.1
Project("{FAE04EC0-301F-11D3-BF4B-00C04F79EFBC}") = "Aoc2018.Day01", "Aoc2018.Day01\Aoc2018.Day01.csproj", "{96F1484B-41DD-4DC8-8067-5317428866AF}"
EndProject
Global
	GlobalSection(SolutionConfigurationPlatforms) = preSolution
		Debug|Any CPU = Debug|Any CPU
		Release|Any CPU = Release|Any CPU
	EndGlobalSection
	GlobalSection(ProjectConfigurationPlatforms) = postSolution
		{96F1484B-41DD-4DC8-8067-5317428866AF}.Debug|Any CPU.ActiveCfg = Debug|Any CPU
		{96F1484B-41DD-4DC8-8067-5317428866AF}.Debug|Any CPU.Build.0 = Debug|Any CPU
		{96F1484B-41DD-4DC8-8067-5317428866AF}.Release|Any CPU.ActiveCfg = Release|Any CPU
		{96F1484B-41DD-4DC8-8067-5317428866AF}.Release|Any CPU.Build.0 = Release|Any CPU
	EndGlobalSection
	GlobalSection(SolutionProperties) = preSolution
		HideSolutionNode = FALSE
	EndGlobalSection
	GlobalSection(ExtensibilityGlobals) = postSolution
		SolutionGuid = {3461AB9F-21B2-4950-BCE7-6F42C21B6641}
	EndGlobalSection
EndGlobal
